{
  "version": 4,
  "terraform_version": "1.2.3",
  "serial": 170,
  "lineage": "acfb6853-bb9a-4bfe-732d-50699cd38328",
  "outputs": {},
  "resources": [
    {
      "mode": "managed",
      "type": "azurerm_network_interface",
      "name": "hub-nic",
      "provider": "provider[\"registry.terraform.io/hashicorp/azurerm\"]",
      "instances": [
        {
          "schema_version": 0,
          "attributes": {
            "applied_dns_servers": [],
            "dns_servers": [],
            "enable_accelerated_networking": false,
            "enable_ip_forwarding": true,
            "id": "/subscriptions/ee25274b-b6bd-47dd-a218-100564cb67dc/resourceGroups/hub-vnet-rg/providers/Microsoft.Network/networkInterfaces/hub-nic",
            "internal_dns_name_label": "",
            "internal_domain_name_suffix": "bcqc1efjjkgexdf5sxamxabtbf.bx.internal.cloudapp.net",
            "ip_configuration": [
              {
                "gateway_load_balancer_frontend_ip_configuration_id": "",
                "name": "hub",
                "primary": true,
                "private_ip_address": "10.0.0.68",
                "private_ip_address_allocation": "Dynamic",
                "private_ip_address_version": "IPv4",
                "public_ip_address_id": "",
                "subnet_id": "/subscriptions/ee25274b-b6bd-47dd-a218-100564cb67dc/resourceGroups/hub-vnet-rg/providers/Microsoft.Network/virtualNetworks/hub-vnet/subnets/mgmt"
              }
            ],
            "location": "eastus",
            "mac_address": "",
            "name": "hub-nic",
            "private_ip_address": "10.0.0.68",
            "private_ip_addresses": [
              "10.0.0.68"
            ],
            "resource_group_name": "hub-vnet-rg",
            "tags": {
              "environment": "hub"
            },
            "timeouts": null,
            "virtual_machine_id": ""
          },
          "sensitive_attributes": [],
          "private": "eyJlMmJmYjczMC1lY2FhLTExZTYtOGY4OC0zNDM2M2JjN2M0YzAiOnsiY3JlYXRlIjoxODAwMDAwMDAwMDAwLCJkZWxldGUiOjE4MDAwMDAwMDAwMDAsInJlYWQiOjMwMDAwMDAwMDAwMCwidXBkYXRlIjoxODAwMDAwMDAwMDAwfX0=",
          "dependencies": [
            "azurerm_resource_group.hub-vnet-rg",
            "azurerm_subnet.hub-mgmt"
          ]
        }
      ]
    },
    {
      "mode": "managed",
      "type": "azurerm_network_interface",
      "name": "hub-nva-nic",
      "provider": "provider[\"registry.terraform.io/hashicorp/azurerm\"]",
      "instances": [
        {
          "schema_version": 0,
          "attributes": {
            "applied_dns_servers": [],
            "dns_servers": [],
            "enable_accelerated_networking": false,
            "enable_ip_forwarding": true,
            "id": "/subscriptions/ee25274b-b6bd-47dd-a218-100564cb67dc/resourceGroups/hub-nva-rg/providers/Microsoft.Network/networkInterfaces/hub-nva-nic",
            "internal_dns_name_label": "",
            "internal_domain_name_suffix": "bcqc1efjjkgexdf5sxamxabtbf.bx.internal.cloudapp.net",
            "ip_configuration": [
              {
                "gateway_load_balancer_frontend_ip_configuration_id": "",
                "name": "hub-nva",
                "primary": true,
                "private_ip_address": "10.0.0.36",
                "private_ip_address_allocation": "Static",
                "private_ip_address_version": "IPv4",
                "public_ip_address_id": "",
                "subnet_id": "/subscriptions/ee25274b-b6bd-47dd-a218-100564cb67dc/resourceGroups/hub-vnet-rg/providers/Microsoft.Network/virtualNetworks/hub-vnet/subnets/dmz"
              }
            ],
            "location": "eastus",
            "mac_address": "",
            "name": "hub-nva-nic",
            "private_ip_address": "10.0.0.36",
            "private_ip_addresses": [
              "10.0.0.36"
            ],
            "resource_group_name": "hub-nva-rg",
            "tags": {
              "environment": "hub-nva"
            },
            "timeouts": null,
            "virtual_machine_id": ""
          },
          "sensitive_attributes": [],
          "private": "eyJlMmJmYjczMC1lY2FhLTExZTYtOGY4OC0zNDM2M2JjN2M0YzAiOnsiY3JlYXRlIjoxODAwMDAwMDAwMDAwLCJkZWxldGUiOjE4MDAwMDAwMDAwMDAsInJlYWQiOjMwMDAwMDAwMDAwMCwidXBkYXRlIjoxODAwMDAwMDAwMDAwfX0=",
          "dependencies": [
            "azurerm_resource_group.hub-nva-rg",
            "azurerm_resource_group.hub-vnet-rg",
            "azurerm_subnet.hub-dmz",
            "azurerm_virtual_network.hub-vnet"
          ]
        }
      ]
    },
    {
      "mode": "managed",
      "type": "azurerm_network_interface",
      "name": "onprem-nic",
      "provider": "provider[\"registry.terraform.io/hashicorp/azurerm\"]",
      "instances": [
        {
          "schema_version": 0,
          "attributes": {
            "applied_dns_servers": [],
            "dns_servers": [],
            "enable_accelerated_networking": false,
            "enable_ip_forwarding": true,
            "id": "/subscriptions/ee25274b-b6bd-47dd-a218-100564cb67dc/resourceGroups/onprem-vnet-rg/providers/Microsoft.Network/networkInterfaces/onprem-nic",
            "internal_dns_name_label": "",
            "internal_domain_name_suffix": "tkg5kah5hpcexpsvezf3knm1td.bx.internal.cloudapp.net",
            "ip_configuration": [
              {
                "gateway_load_balancer_frontend_ip_configuration_id": "",
                "name": "onprem",
                "primary": true,
                "private_ip_address": "192.168.1.132",
                "private_ip_address_allocation": "Dynamic",
                "private_ip_address_version": "IPv4",
                "public_ip_address_id": "/subscriptions/ee25274b-b6bd-47dd-a218-100564cb67dc/resourceGroups/onprem-vnet-rg/providers/Microsoft.Network/publicIPAddresses/onprem-pip",
                "subnet_id": "/subscriptions/ee25274b-b6bd-47dd-a218-100564cb67dc/resourceGroups/onprem-vnet-rg/providers/Microsoft.Network/virtualNetworks/onprem-vnet/subnets/mgmt"
              }
            ],
            "location": "eastus",
            "mac_address": "",
            "name": "onprem-nic",
            "private_ip_address": "192.168.1.132",
            "private_ip_addresses": [
              "192.168.1.132"
            ],
            "resource_group_name": "onprem-vnet-rg",
            "tags": null,
            "timeouts": null,
            "virtual_machine_id": ""
          },
          "sensitive_attributes": [],
          "private": "eyJlMmJmYjczMC1lY2FhLTExZTYtOGY4OC0zNDM2M2JjN2M0YzAiOnsiY3JlYXRlIjoxODAwMDAwMDAwMDAwLCJkZWxldGUiOjE4MDAwMDAwMDAwMDAsInJlYWQiOjMwMDAwMDAwMDAwMCwidXBkYXRlIjoxODAwMDAwMDAwMDAwfX0=",
          "dependencies": [
            "azurerm_public_ip.onprem-pip",
            "azurerm_resource_group.onprem-vnet-rg",
            "azurerm_subnet.onprem-mgmt"
          ]
        }
      ]
    },
    {
      "mode": "managed",
      "type": "azurerm_network_interface",
      "name": "spoke1-nic",
      "provider": "provider[\"registry.terraform.io/hashicorp/azurerm\"]",
      "instances": [
        {
          "schema_version": 0,
          "attributes": {
            "applied_dns_servers": [],
            "dns_servers": [],
            "enable_accelerated_networking": false,
            "enable_ip_forwarding": true,
            "id": "/subscriptions/ee25274b-b6bd-47dd-a218-100564cb67dc/resourceGroups/spoke1-vnet-rg/providers/Microsoft.Network/networkInterfaces/spoke1-nic",
            "internal_dns_name_label": "",
            "internal_domain_name_suffix": "plwklkutoruulbixhh5yy5wrqa.bx.internal.cloudapp.net",
            "ip_configuration": [
              {
                "gateway_load_balancer_frontend_ip_configuration_id": "",
                "name": "spoke1",
                "primary": true,
                "private_ip_address": "10.1.0.68",
                "private_ip_address_allocation": "Dynamic",
                "private_ip_address_version": "IPv4",
                "public_ip_address_id": "",
                "subnet_id": "/subscriptions/ee25274b-b6bd-47dd-a218-100564cb67dc/resourceGroups/spoke1-vnet-rg/providers/Microsoft.Network/virtualNetworks/spoke1-vnet/subnets/mgmt"
              }
            ],
            "location": "eastus",
            "mac_address": "",
            "name": "spoke1-nic",
            "private_ip_address": "10.1.0.68",
            "private_ip_addresses": [
              "10.1.0.68"
            ],
            "resource_group_name": "spoke1-vnet-rg",
            "tags": null,
            "timeouts": null,
            "virtual_machine_id": ""
          },
          "sensitive_attributes": [],
          "private": "eyJlMmJmYjczMC1lY2FhLTExZTYtOGY4OC0zNDM2M2JjN2M0YzAiOnsiY3JlYXRlIjoxODAwMDAwMDAwMDAwLCJkZWxldGUiOjE4MDAwMDAwMDAwMDAsInJlYWQiOjMwMDAwMDAwMDAwMCwidXBkYXRlIjoxODAwMDAwMDAwMDAwfX0=",
          "dependencies": [
            "azurerm_resource_group.spoke1-vnet-rg",
            "azurerm_subnet.spoke1-mgmt"
          ]
        }
      ]
    },
    {
      "mode": "managed",
      "type": "azurerm_network_interface",
      "name": "spoke2-nic",
      "provider": "provider[\"registry.terraform.io/hashicorp/azurerm\"]",
      "instances": [
        {
          "schema_version": 0,
          "attributes": {
            "applied_dns_servers": [],
            "dns_servers": [],
            "enable_accelerated_networking": false,
            "enable_ip_forwarding": true,
            "id": "/subscriptions/ee25274b-b6bd-47dd-a218-100564cb67dc/resourceGroups/spoke2-vnet-rg/providers/Microsoft.Network/networkInterfaces/spoke2-nic",
            "internal_dns_name_label": "",
            "internal_domain_name_suffix": "ou1oyh5ru12ujoy3lww410n32a.bx.internal.cloudapp.net",
            "ip_configuration": [
              {
                "gateway_load_balancer_frontend_ip_configuration_id": "",
                "name": "spoke2",
                "primary": true,
                "private_ip_address": "10.2.0.68",
                "private_ip_address_allocation": "Dynamic",
                "private_ip_address_version": "IPv4",
                "public_ip_address_id": "",
                "subnet_id": "/subscriptions/ee25274b-b6bd-47dd-a218-100564cb67dc/resourceGroups/spoke2-vnet-rg/providers/Microsoft.Network/virtualNetworks/spoke2-vnet/subnets/mgmt"
              }
            ],
            "location": "eastus",
            "mac_address": "00-22-48-32-C7-9C",
            "name": "spoke2-nic",
            "private_ip_address": "10.2.0.68",
            "private_ip_addresses": [
              "10.2.0.68"
            ],
            "resource_group_name": "spoke2-vnet-rg",
            "tags": {
              "environment": "spoke2"
            },
            "timeouts": null,
            "virtual_machine_id": "/subscriptions/ee25274b-b6bd-47dd-a218-100564cb67dc/resourceGroups/spoke2-vnet-rg/providers/Microsoft.Compute/virtualMachines/spoke2-vm"
          },
          "sensitive_attributes": [],
          "private": "eyJlMmJmYjczMC1lY2FhLTExZTYtOGY4OC0zNDM2M2JjN2M0YzAiOnsiY3JlYXRlIjoxODAwMDAwMDAwMDAwLCJkZWxldGUiOjE4MDAwMDAwMDAwMDAsInJlYWQiOjMwMDAwMDAwMDAwMCwidXBkYXRlIjoxODAwMDAwMDAwMDAwfX0=",
          "dependencies": [
            "azurerm_resource_group.spoke2-vnet-rg",
            "azurerm_subnet.spoke2-mgmt",
            "azurerm_virtual_network.spoke2-vnet"
          ]
        }
      ]
    },
    {
      "mode": "managed",
      "type": "azurerm_network_security_group",
      "name": "onprem-nsg",
      "provider": "provider[\"registry.terraform.io/hashicorp/azurerm\"]",
      "instances": [
        {
          "schema_version": 0,
          "attributes": {
            "id": "/subscriptions/ee25274b-b6bd-47dd-a218-100564cb67dc/resourceGroups/onprem-vnet-rg/providers/Microsoft.Network/networkSecurityGroups/onprem-nsg",
            "location": "eastus",
            "name": "onprem-nsg",
            "resource_group_name": "onprem-vnet-rg",
            "security_rule": [
              {
                "access": "Allow",
                "description": "",
                "destination_address_prefix": "*",
                "destination_address_prefixes": [],
                "destination_application_security_group_ids": [],
                "destination_port_range": "22",
                "destination_port_ranges": [],
                "direction": "Inbound",
                "name": "SSH",
                "priority": 1001,
                "protocol": "Tcp",
                "source_address_prefix": "*",
                "source_address_prefixes": [],
                "source_application_security_group_ids": [],
                "source_port_range": "*",
                "source_port_ranges": []
              }
            ],
            "tags": {
              "environment": "onprem"
            },
            "timeouts": null
          },
          "sensitive_attributes": [],
          "private": "eyJlMmJmYjczMC1lY2FhLTExZTYtOGY4OC0zNDM2M2JjN2M0YzAiOnsiY3JlYXRlIjoxODAwMDAwMDAwMDAwLCJkZWxldGUiOjE4MDAwMDAwMDAwMDAsInJlYWQiOjMwMDAwMDAwMDAwMCwidXBkYXRlIjoxODAwMDAwMDAwMDAwfX0=",
          "dependencies": [
            "azurerm_resource_group.onprem-vnet-rg"
          ]
        }
      ]
    },
    {
      "mode": "managed",
      "type": "azurerm_public_ip",
      "name": "hub-vpn-gateway1-pip",
      "provider": "provider[\"registry.terraform.io/hashicorp/azurerm\"]",
      "instances": [
        {
          "schema_version": 0,
          "attributes": {
            "allocation_method": "Dynamic",
            "availability_zone": "No-Zone",
            "domain_name_label": null,
            "fqdn": null,
            "id": "/subscriptions/ee25274b-b6bd-47dd-a218-100564cb67dc/resourceGroups/hub-vnet-rg/providers/Microsoft.Network/publicIPAddresses/hub-vpn-gateway1-pip",
            "idle_timeout_in_minutes": 4,
            "ip_address": "20.231.212.157",
            "ip_tags": {},
            "ip_version": "IPv4",
            "location": "eastus",
            "name": "hub-vpn-gateway1-pip",
            "public_ip_prefix_id": null,
            "resource_group_name": "hub-vnet-rg",
            "reverse_fqdn": null,
            "sku": "Basic",
            "sku_tier": "Regional",
            "tags": {},
            "timeouts": null,
            "zones": []
          },
          "sensitive_attributes": [],
          "private": "eyJlMmJmYjczMC1lY2FhLTExZTYtOGY4OC0zNDM2M2JjN2M0YzAiOnsiY3JlYXRlIjoxODAwMDAwMDAwMDAwLCJkZWxldGUiOjE4MDAwMDAwMDAwMDAsInJlYWQiOjMwMDAwMDAwMDAwMCwidXBkYXRlIjoxODAwMDAwMDAwMDAwfX0=",
          "dependencies": [
            "azurerm_resource_group.hub-vnet-rg"
          ]
        }
      ]
    },
    {
      "mode": "managed",
      "type": "azurerm_public_ip",
      "name": "onprem-pip",
      "provider": "provider[\"registry.terraform.io/hashicorp/azurerm\"]",
      "instances": [
        {
          "schema_version": 0,
          "attributes": {
            "allocation_method": "Dynamic",
            "availability_zone": "No-Zone",
            "domain_name_label": null,
            "fqdn": null,
            "id": "/subscriptions/ee25274b-b6bd-47dd-a218-100564cb67dc/resourceGroups/onprem-vnet-rg/providers/Microsoft.Network/publicIPAddresses/onprem-pip",
            "idle_timeout_in_minutes": 4,
            "ip_address": "",
            "ip_tags": {},
            "ip_version": "IPv4",
            "location": "eastus",
            "name": "onprem-pip",
            "public_ip_prefix_id": null,
            "resource_group_name": "onprem-vnet-rg",
            "reverse_fqdn": null,
            "sku": "Basic",
            "sku_tier": "Regional",
            "tags": {
              "environment": "onprem"
            },
            "timeouts": null,
            "zones": []
          },
          "sensitive_attributes": [],
          "private": "eyJlMmJmYjczMC1lY2FhLTExZTYtOGY4OC0zNDM2M2JjN2M0YzAiOnsiY3JlYXRlIjoxODAwMDAwMDAwMDAwLCJkZWxldGUiOjE4MDAwMDAwMDAwMDAsInJlYWQiOjMwMDAwMDAwMDAwMCwidXBkYXRlIjoxODAwMDAwMDAwMDAwfX0=",
          "dependencies": [
            "azurerm_resource_group.onprem-vnet-rg"
          ]
        }
      ]
    },
    {
      "mode": "managed",
      "type": "azurerm_public_ip",
      "name": "onprem-vpn-gateway1-pip",
      "provider": "provider[\"registry.terraform.io/hashicorp/azurerm\"]",
      "instances": [
        {
          "schema_version": 0,
          "attributes": {
            "allocation_method": "Dynamic",
            "availability_zone": "No-Zone",
            "domain_name_label": null,
            "fqdn": null,
            "id": "/subscriptions/ee25274b-b6bd-47dd-a218-100564cb67dc/resourceGroups/onprem-vnet-rg/providers/Microsoft.Network/publicIPAddresses/onprem-vpn-gateway1-pip",
            "idle_timeout_in_minutes": 4,
            "ip_address": "20.231.214.111",
            "ip_tags": {},
            "ip_version": "IPv4",
            "location": "eastus",
            "name": "onprem-vpn-gateway1-pip",
            "public_ip_prefix_id": null,
            "resource_group_name": "onprem-vnet-rg",
            "reverse_fqdn": null,
            "sku": "Basic",
            "sku_tier": "Regional",
            "tags": {},
            "timeouts": null,
            "zones": []
          },
          "sensitive_attributes": [],
          "private": "eyJlMmJmYjczMC1lY2FhLTExZTYtOGY4OC0zNDM2M2JjN2M0YzAiOnsiY3JlYXRlIjoxODAwMDAwMDAwMDAwLCJkZWxldGUiOjE4MDAwMDAwMDAwMDAsInJlYWQiOjMwMDAwMDAwMDAwMCwidXBkYXRlIjoxODAwMDAwMDAwMDAwfX0=",
          "dependencies": [
            "azurerm_resource_group.onprem-vnet-rg"
          ]
        }
      ]
    },
    {
      "mode": "managed",
      "type": "azurerm_resource_group",
      "name": "hub-nva-rg",
      "provider": "provider[\"registry.terraform.io/hashicorp/azurerm\"]",
      "instances": [
        {
          "schema_version": 0,
          "attributes": {
            "id": "/subscriptions/ee25274b-b6bd-47dd-a218-100564cb67dc/resourceGroups/hub-nva-rg",
            "location": "eastus",
            "name": "hub-nva-rg",
            "tags": {
              "environment": "hub-nva"
            },
            "timeouts": null
          },
          "sensitive_attributes": [],
          "private": "eyJlMmJmYjczMC1lY2FhLTExZTYtOGY4OC0zNDM2M2JjN2M0YzAiOnsiY3JlYXRlIjo1NDAwMDAwMDAwMDAwLCJkZWxldGUiOjU0MDAwMDAwMDAwMDAsInJlYWQiOjMwMDAwMDAwMDAwMCwidXBkYXRlIjo1NDAwMDAwMDAwMDAwfX0="
        }
      ]
    },
    {
      "mode": "managed",
      "type": "azurerm_resource_group",
      "name": "hub-vnet-rg",
      "provider": "provider[\"registry.terraform.io/hashicorp/azurerm\"]",
      "instances": [
        {
          "schema_version": 0,
          "attributes": {
            "id": "/subscriptions/ee25274b-b6bd-47dd-a218-100564cb67dc/resourceGroups/hub-vnet-rg",
            "location": "eastus",
            "name": "hub-vnet-rg",
            "tags": {},
            "timeouts": null
          },
          "sensitive_attributes": [],
          "private": "eyJlMmJmYjczMC1lY2FhLTExZTYtOGY4OC0zNDM2M2JjN2M0YzAiOnsiY3JlYXRlIjo1NDAwMDAwMDAwMDAwLCJkZWxldGUiOjU0MDAwMDAwMDAwMDAsInJlYWQiOjMwMDAwMDAwMDAwMCwidXBkYXRlIjo1NDAwMDAwMDAwMDAwfX0="
        }
      ]
    },
    {
      "mode": "managed",
      "type": "azurerm_resource_group",
      "name": "onprem-vnet-rg",
      "provider": "provider[\"registry.terraform.io/hashicorp/azurerm\"]",
      "instances": [
        {
          "schema_version": 0,
          "attributes": {
            "id": "/subscriptions/ee25274b-b6bd-47dd-a218-100564cb67dc/resourceGroups/onprem-vnet-rg",
            "location": "eastus",
            "name": "onprem-vnet-rg",
            "tags": {},
            "timeouts": null
          },
          "sensitive_attributes": [],
          "private": "eyJlMmJmYjczMC1lY2FhLTExZTYtOGY4OC0zNDM2M2JjN2M0YzAiOnsiY3JlYXRlIjo1NDAwMDAwMDAwMDAwLCJkZWxldGUiOjU0MDAwMDAwMDAwMDAsInJlYWQiOjMwMDAwMDAwMDAwMCwidXBkYXRlIjo1NDAwMDAwMDAwMDAwfX0="
        }
      ]
    },
    {
      "mode": "managed",
      "type": "azurerm_resource_group",
      "name": "spoke1-vnet-rg",
      "provider": "provider[\"registry.terraform.io/hashicorp/azurerm\"]",
      "instances": [
        {
          "schema_version": 0,
          "attributes": {
            "id": "/subscriptions/ee25274b-b6bd-47dd-a218-100564cb67dc/resourceGroups/spoke1-vnet-rg",
            "location": "eastus",
            "name": "spoke1-vnet-rg",
            "tags": {},
            "timeouts": null
          },
          "sensitive_attributes": [],
          "private": "eyJlMmJmYjczMC1lY2FhLTExZTYtOGY4OC0zNDM2M2JjN2M0YzAiOnsiY3JlYXRlIjo1NDAwMDAwMDAwMDAwLCJkZWxldGUiOjU0MDAwMDAwMDAwMDAsInJlYWQiOjMwMDAwMDAwMDAwMCwidXBkYXRlIjo1NDAwMDAwMDAwMDAwfX0="
        }
      ]
    },
    {
      "mode": "managed",
      "type": "azurerm_resource_group",
      "name": "spoke2-vnet-rg",
      "provider": "provider[\"registry.terraform.io/hashicorp/azurerm\"]",
      "instances": [
        {
          "schema_version": 0,
          "attributes": {
            "id": "/subscriptions/ee25274b-b6bd-47dd-a218-100564cb67dc/resourceGroups/spoke2-vnet-rg",
            "location": "eastus",
            "name": "spoke2-vnet-rg",
            "tags": {},
            "timeouts": null
          },
          "sensitive_attributes": [],
          "private": "eyJlMmJmYjczMC1lY2FhLTExZTYtOGY4OC0zNDM2M2JjN2M0YzAiOnsiY3JlYXRlIjo1NDAwMDAwMDAwMDAwLCJkZWxldGUiOjU0MDAwMDAwMDAwMDAsInJlYWQiOjMwMDAwMDAwMDAwMCwidXBkYXRlIjo1NDAwMDAwMDAwMDAwfX0="
        }
      ]
    },
    {
      "mode": "managed",
      "type": "azurerm_route_table",
      "name": "hub-gateway-rt",
      "provider": "provider[\"registry.terraform.io/hashicorp/azurerm\"]",
      "instances": [
        {
          "schema_version": 0,
          "attributes": {
            "disable_bgp_route_propagation": false,
            "id": "/subscriptions/ee25274b-b6bd-47dd-a218-100564cb67dc/resourceGroups/hub-nva-rg/providers/Microsoft.Network/routeTables/hub-gateway-rt",
            "location": "eastus",
            "name": "hub-gateway-rt",
            "resource_group_name": "hub-nva-rg",
            "route": [
              {
                "address_prefix": "10.0.0.0/16",
                "name": "toHub",
                "next_hop_in_ip_address": "",
                "next_hop_type": "VnetLocal"
              },
              {
                "address_prefix": "10.1.0.0/16",
                "name": "toSpoke1",
                "next_hop_in_ip_address": "10.0.0.36",
                "next_hop_type": "VirtualAppliance"
              },
              {
                "address_prefix": "10.2.0.0/16",
                "name": "toSpoke2",
                "next_hop_in_ip_address": "10.0.0.36",
                "next_hop_type": "VirtualAppliance"
              }
            ],
            "subnets": [],
            "tags": {
              "environment": "hub-nva"
            },
            "timeouts": null
          },
          "sensitive_attributes": [],
          "private": "eyJlMmJmYjczMC1lY2FhLTExZTYtOGY4OC0zNDM2M2JjN2M0YzAiOnsiY3JlYXRlIjoxODAwMDAwMDAwMDAwLCJkZWxldGUiOjE4MDAwMDAwMDAwMDAsInJlYWQiOjMwMDAwMDAwMDAwMCwidXBkYXRlIjoxODAwMDAwMDAwMDAwfX0=",
          "dependencies": [
            "azurerm_resource_group.hub-nva-rg"
          ]
        }
      ]
    },
    {
      "mode": "managed",
      "type": "azurerm_route_table",
      "name": "spoke1-rt",
      "provider": "provider[\"registry.terraform.io/hashicorp/azurerm\"]",
      "instances": [
        {
          "schema_version": 0,
          "attributes": {
            "disable_bgp_route_propagation": false,
            "id": "/subscriptions/ee25274b-b6bd-47dd-a218-100564cb67dc/resourceGroups/hub-nva-rg/providers/Microsoft.Network/routeTables/spoke1-rt",
            "location": "eastus",
            "name": "spoke1-rt",
            "resource_group_name": "hub-nva-rg",
            "route": [
              {
                "address_prefix": "10.2.0.0/16",
                "name": "toSpoke2",
                "next_hop_in_ip_address": "10.0.0.36",
                "next_hop_type": "VirtualAppliance"
              },
              {
                "address_prefix": "0.0.0.0/0",
                "name": "default",
                "next_hop_in_ip_address": "",
                "next_hop_type": "VnetLocal"
              }
            ],
            "subnets": [
              "/subscriptions/ee25274b-b6bd-47dd-a218-100564cb67dc/resourceGroups/spoke1-vnet-rg/providers/Microsoft.Network/virtualNetworks/spoke1-vnet/subnets/mgmt"
            ],
            "tags": {
              "environment": "hub-nva"
            },
            "timeouts": null
          },
          "sensitive_attributes": [],
          "private": "eyJlMmJmYjczMC1lY2FhLTExZTYtOGY4OC0zNDM2M2JjN2M0YzAiOnsiY3JlYXRlIjoxODAwMDAwMDAwMDAwLCJkZWxldGUiOjE4MDAwMDAwMDAwMDAsInJlYWQiOjMwMDAwMDAwMDAwMCwidXBkYXRlIjoxODAwMDAwMDAwMDAwfX0=",
          "dependencies": [
            "azurerm_resource_group.hub-nva-rg"
          ]
        }
      ]
    },
    {
      "mode": "managed",
      "type": "azurerm_route_table",
      "name": "spoke2-rt",
      "provider": "provider[\"registry.terraform.io/hashicorp/azurerm\"]",
      "instances": [
        {
          "schema_version": 0,
          "attributes": {
            "disable_bgp_route_propagation": false,
            "id": "/subscriptions/ee25274b-b6bd-47dd-a218-100564cb67dc/resourceGroups/hub-nva-rg/providers/Microsoft.Network/routeTables/spoke2-rt",
            "location": "eastus",
            "name": "spoke2-rt",
            "resource_group_name": "hub-nva-rg",
            "route": [
              {
                "address_prefix": "10.1.0.0/16",
                "name": "toSpoke1",
                "next_hop_in_ip_address": "10.0.0.36",
                "next_hop_type": "VirtualAppliance"
              },
              {
                "address_prefix": "0.0.0.0/0",
                "name": "default",
                "next_hop_in_ip_address": "",
                "next_hop_type": "VnetLocal"
              }
            ],
            "subnets": [
              "/subscriptions/ee25274b-b6bd-47dd-a218-100564cb67dc/resourceGroups/spoke2-vnet-rg/providers/Microsoft.Network/virtualNetworks/spoke2-vnet/subnets/mgmt",
              "/subscriptions/ee25274b-b6bd-47dd-a218-100564cb67dc/resourceGroups/spoke2-vnet-rg/providers/Microsoft.Network/virtualNetworks/spoke2-vnet/subnets/workload"
            ],
            "tags": {
              "environment": "hub-nva"
            },
            "timeouts": null
          },
          "sensitive_attributes": [],
          "private": "eyJlMmJmYjczMC1lY2FhLTExZTYtOGY4OC0zNDM2M2JjN2M0YzAiOnsiY3JlYXRlIjoxODAwMDAwMDAwMDAwLCJkZWxldGUiOjE4MDAwMDAwMDAwMDAsInJlYWQiOjMwMDAwMDAwMDAwMCwidXBkYXRlIjoxODAwMDAwMDAwMDAwfX0=",
          "dependencies": [
            "azurerm_resource_group.hub-nva-rg"
          ]
        }
      ]
    },
    {
      "mode": "managed",
      "type": "azurerm_subnet",
      "name": "hub-dmz",
      "provider": "provider[\"registry.terraform.io/hashicorp/azurerm\"]",
      "instances": [
        {
          "schema_version": 0,
          "attributes": {
            "address_prefix": "10.0.0.32/27",
            "address_prefixes": [
              "10.0.0.32/27"
            ],
            "delegation": [],
            "enforce_private_link_endpoint_network_policies": false,
            "enforce_private_link_service_network_policies": false,
            "id": "/subscriptions/ee25274b-b6bd-47dd-a218-100564cb67dc/resourceGroups/hub-vnet-rg/providers/Microsoft.Network/virtualNetworks/hub-vnet/subnets/dmz",
            "name": "dmz",
            "resource_group_name": "hub-vnet-rg",
            "service_endpoint_policy_ids": null,
            "service_endpoints": null,
            "timeouts": null,
            "virtual_network_name": "hub-vnet"
          },
          "sensitive_attributes": [],
          "private": "eyJlMmJmYjczMC1lY2FhLTExZTYtOGY4OC0zNDM2M2JjN2M0YzAiOnsiY3JlYXRlIjoxODAwMDAwMDAwMDAwLCJkZWxldGUiOjE4MDAwMDAwMDAwMDAsInJlYWQiOjMwMDAwMDAwMDAwMCwidXBkYXRlIjoxODAwMDAwMDAwMDAwfX0=",
          "dependencies": [
            "azurerm_resource_group.hub-vnet-rg",
            "azurerm_virtual_network.hub-vnet"
          ]
        }
      ]
    },
    {
      "mode": "managed",
      "type": "azurerm_subnet",
      "name": "hub-gateway-subnet",
      "provider": "provider[\"registry.terraform.io/hashicorp/azurerm\"]",
      "instances": [
        {
          "schema_version": 0,
          "attributes": {
            "address_prefix": "10.0.255.224/27",
            "address_prefixes": [
              "10.0.255.224/27"
            ],
            "delegation": [],
            "enforce_private_link_endpoint_network_policies": false,
            "enforce_private_link_service_network_policies": false,
            "id": "/subscriptions/ee25274b-b6bd-47dd-a218-100564cb67dc/resourceGroups/hub-vnet-rg/providers/Microsoft.Network/virtualNetworks/hub-vnet/subnets/GatewaySubnet",
            "name": "GatewaySubnet",
            "resource_group_name": "hub-vnet-rg",
            "service_endpoint_policy_ids": [],
            "service_endpoints": [],
            "timeouts": null,
            "virtual_network_name": "hub-vnet"
          },
          "sensitive_attributes": [],
          "private": "eyJlMmJmYjczMC1lY2FhLTExZTYtOGY4OC0zNDM2M2JjN2M0YzAiOnsiY3JlYXRlIjoxODAwMDAwMDAwMDAwLCJkZWxldGUiOjE4MDAwMDAwMDAwMDAsInJlYWQiOjMwMDAwMDAwMDAwMCwidXBkYXRlIjoxODAwMDAwMDAwMDAwfX0=",
          "dependencies": [
            "azurerm_resource_group.hub-vnet-rg",
            "azurerm_virtual_network.hub-vnet"
          ]
        }
      ]
    },
    {
      "mode": "managed",
      "type": "azurerm_subnet",
      "name": "hub-mgmt",
      "provider": "provider[\"registry.terraform.io/hashicorp/azurerm\"]",
      "instances": [
        {
          "schema_version": 0,
          "attributes": {
            "address_prefix": "10.0.0.64/27",
            "address_prefixes": [
              "10.0.0.64/27"
            ],
            "delegation": [],
            "enforce_private_link_endpoint_network_policies": false,
            "enforce_private_link_service_network_policies": false,
            "id": "/subscriptions/ee25274b-b6bd-47dd-a218-100564cb67dc/resourceGroups/hub-vnet-rg/providers/Microsoft.Network/virtualNetworks/hub-vnet/subnets/mgmt",
            "name": "mgmt",
            "resource_group_name": "hub-vnet-rg",
            "service_endpoint_policy_ids": [],
            "service_endpoints": [],
            "timeouts": null,
            "virtual_network_name": "hub-vnet"
          },
          "sensitive_attributes": [],
          "private": "eyJlMmJmYjczMC1lY2FhLTExZTYtOGY4OC0zNDM2M2JjN2M0YzAiOnsiY3JlYXRlIjoxODAwMDAwMDAwMDAwLCJkZWxldGUiOjE4MDAwMDAwMDAwMDAsInJlYWQiOjMwMDAwMDAwMDAwMCwidXBkYXRlIjoxODAwMDAwMDAwMDAwfX0=",
          "dependencies": [
            "azurerm_resource_group.hub-vnet-rg",
            "azurerm_virtual_network.hub-vnet"
          ]
        }
      ]
    },
    {
      "mode": "managed",
      "type": "azurerm_subnet",
      "name": "onprem-gateway-subnet",
      "provider": "provider[\"registry.terraform.io/hashicorp/azurerm\"]",
      "instances": [
        {
          "schema_version": 0,
          "attributes": {
            "address_prefix": "192.168.255.224/27",
            "address_prefixes": [
              "192.168.255.224/27"
            ],
            "delegation": [],
            "enforce_private_link_endpoint_network_policies": false,
            "enforce_private_link_service_network_policies": false,
            "id": "/subscriptions/ee25274b-b6bd-47dd-a218-100564cb67dc/resourceGroups/onprem-vnet-rg/providers/Microsoft.Network/virtualNetworks/onprem-vnet/subnets/GatewaySubnet",
            "name": "GatewaySubnet",
            "resource_group_name": "onprem-vnet-rg",
            "service_endpoint_policy_ids": [],
            "service_endpoints": [],
            "timeouts": null,
            "virtual_network_name": "onprem-vnet"
          },
          "sensitive_attributes": [],
          "private": "eyJlMmJmYjczMC1lY2FhLTExZTYtOGY4OC0zNDM2M2JjN2M0YzAiOnsiY3JlYXRlIjoxODAwMDAwMDAwMDAwLCJkZWxldGUiOjE4MDAwMDAwMDAwMDAsInJlYWQiOjMwMDAwMDAwMDAwMCwidXBkYXRlIjoxODAwMDAwMDAwMDAwfX0=",
          "dependencies": [
            "azurerm_resource_group.onprem-vnet-rg",
            "azurerm_virtual_network.onprem-vnet"
          ]
        }
      ]
    },
    {
      "mode": "managed",
      "type": "azurerm_subnet",
      "name": "onprem-mgmt",
      "provider": "provider[\"registry.terraform.io/hashicorp/azurerm\"]",
      "instances": [
        {
          "schema_version": 0,
          "attributes": {
            "address_prefix": "192.168.1.128/25",
            "address_prefixes": [
              "192.168.1.128/25"
            ],
            "delegation": [],
            "enforce_private_link_endpoint_network_policies": false,
            "enforce_private_link_service_network_policies": false,
            "id": "/subscriptions/ee25274b-b6bd-47dd-a218-100564cb67dc/resourceGroups/onprem-vnet-rg/providers/Microsoft.Network/virtualNetworks/onprem-vnet/subnets/mgmt",
            "name": "mgmt",
            "resource_group_name": "onprem-vnet-rg",
            "service_endpoint_policy_ids": [],
            "service_endpoints": [],
            "timeouts": null,
            "virtual_network_name": "onprem-vnet"
          },
          "sensitive_attributes": [],
          "private": "eyJlMmJmYjczMC1lY2FhLTExZTYtOGY4OC0zNDM2M2JjN2M0YzAiOnsiY3JlYXRlIjoxODAwMDAwMDAwMDAwLCJkZWxldGUiOjE4MDAwMDAwMDAwMDAsInJlYWQiOjMwMDAwMDAwMDAwMCwidXBkYXRlIjoxODAwMDAwMDAwMDAwfX0=",
          "dependencies": [
            "azurerm_resource_group.onprem-vnet-rg",
            "azurerm_virtual_network.onprem-vnet"
          ]
        }
      ]
    },
    {
      "mode": "managed",
      "type": "azurerm_subnet",
      "name": "spoke1-mgmt",
      "provider": "provider[\"registry.terraform.io/hashicorp/azurerm\"]",
      "instances": [
        {
          "schema_version": 0,
          "attributes": {
            "address_prefix": "10.1.0.64/27",
            "address_prefixes": [
              "10.1.0.64/27"
            ],
            "delegation": [],
            "enforce_private_link_endpoint_network_policies": false,
            "enforce_private_link_service_network_policies": false,
            "id": "/subscriptions/ee25274b-b6bd-47dd-a218-100564cb67dc/resourceGroups/spoke1-vnet-rg/providers/Microsoft.Network/virtualNetworks/spoke1-vnet/subnets/mgmt",
            "name": "mgmt",
            "resource_group_name": "spoke1-vnet-rg",
            "service_endpoint_policy_ids": [],
            "service_endpoints": [],
            "timeouts": null,
            "virtual_network_name": "spoke1-vnet"
          },
          "sensitive_attributes": [],
          "private": "eyJlMmJmYjczMC1lY2FhLTExZTYtOGY4OC0zNDM2M2JjN2M0YzAiOnsiY3JlYXRlIjoxODAwMDAwMDAwMDAwLCJkZWxldGUiOjE4MDAwMDAwMDAwMDAsInJlYWQiOjMwMDAwMDAwMDAwMCwidXBkYXRlIjoxODAwMDAwMDAwMDAwfX0=",
          "dependencies": [
            "azurerm_resource_group.spoke1-vnet-rg",
            "azurerm_virtual_network.spoke1-vnet"
          ]
        }
      ]
    },
    {
      "mode": "managed",
      "type": "azurerm_subnet",
      "name": "spoke1-workload",
      "provider": "provider[\"registry.terraform.io/hashicorp/azurerm\"]",
      "instances": [
        {
          "schema_version": 0,
          "attributes": {
            "address_prefix": "10.1.1.0/24",
            "address_prefixes": [
              "10.1.1.0/24"
            ],
            "delegation": [],
            "enforce_private_link_endpoint_network_policies": false,
            "enforce_private_link_service_network_policies": false,
            "id": "/subscriptions/ee25274b-b6bd-47dd-a218-100564cb67dc/resourceGroups/spoke1-vnet-rg/providers/Microsoft.Network/virtualNetworks/spoke1-vnet/subnets/workload",
            "name": "workload",
            "resource_group_name": "spoke1-vnet-rg",
            "service_endpoint_policy_ids": [],
            "service_endpoints": [],
            "timeouts": null,
            "virtual_network_name": "spoke1-vnet"
          },
          "sensitive_attributes": [],
          "private": "eyJlMmJmYjczMC1lY2FhLTExZTYtOGY4OC0zNDM2M2JjN2M0YzAiOnsiY3JlYXRlIjoxODAwMDAwMDAwMDAwLCJkZWxldGUiOjE4MDAwMDAwMDAwMDAsInJlYWQiOjMwMDAwMDAwMDAwMCwidXBkYXRlIjoxODAwMDAwMDAwMDAwfX0=",
          "dependencies": [
            "azurerm_resource_group.spoke1-vnet-rg",
            "azurerm_virtual_network.spoke1-vnet"
          ]
        }
      ]
    },
    {
      "mode": "managed",
      "type": "azurerm_subnet",
      "name": "spoke2-mgmt",
      "provider": "provider[\"registry.terraform.io/hashicorp/azurerm\"]",
      "instances": [
        {
          "schema_version": 0,
          "attributes": {
            "address_prefix": "10.2.0.64/27",
            "address_prefixes": [
              "10.2.0.64/27"
            ],
            "delegation": [],
            "enforce_private_link_endpoint_network_policies": false,
            "enforce_private_link_service_network_policies": false,
            "id": "/subscriptions/ee25274b-b6bd-47dd-a218-100564cb67dc/resourceGroups/spoke2-vnet-rg/providers/Microsoft.Network/virtualNetworks/spoke2-vnet/subnets/mgmt",
            "name": "mgmt",
            "resource_group_name": "spoke2-vnet-rg",
            "service_endpoint_policy_ids": [],
            "service_endpoints": [],
            "timeouts": null,
            "virtual_network_name": "spoke2-vnet"
          },
          "sensitive_attributes": [],
          "private": "eyJlMmJmYjczMC1lY2FhLTExZTYtOGY4OC0zNDM2M2JjN2M0YzAiOnsiY3JlYXRlIjoxODAwMDAwMDAwMDAwLCJkZWxldGUiOjE4MDAwMDAwMDAwMDAsInJlYWQiOjMwMDAwMDAwMDAwMCwidXBkYXRlIjoxODAwMDAwMDAwMDAwfX0=",
          "dependencies": [
            "azurerm_resource_group.spoke2-vnet-rg",
            "azurerm_virtual_network.spoke2-vnet"
          ]
        }
      ]
    },
    {
      "mode": "managed",
      "type": "azurerm_subnet",
      "name": "spoke2-workload",
      "provider": "provider[\"registry.terraform.io/hashicorp/azurerm\"]",
      "instances": [
        {
          "schema_version": 0,
          "attributes": {
            "address_prefix": "10.2.1.0/24",
            "address_prefixes": [
              "10.2.1.0/24"
            ],
            "delegation": [],
            "enforce_private_link_endpoint_network_policies": false,
            "enforce_private_link_service_network_policies": false,
            "id": "/subscriptions/ee25274b-b6bd-47dd-a218-100564cb67dc/resourceGroups/spoke2-vnet-rg/providers/Microsoft.Network/virtualNetworks/spoke2-vnet/subnets/workload",
            "name": "workload",
            "resource_group_name": "spoke2-vnet-rg",
            "service_endpoint_policy_ids": [],
            "service_endpoints": [],
            "timeouts": null,
            "virtual_network_name": "spoke2-vnet"
          },
          "sensitive_attributes": [],
          "private": "eyJlMmJmYjczMC1lY2FhLTExZTYtOGY4OC0zNDM2M2JjN2M0YzAiOnsiY3JlYXRlIjoxODAwMDAwMDAwMDAwLCJkZWxldGUiOjE4MDAwMDAwMDAwMDAsInJlYWQiOjMwMDAwMDAwMDAwMCwidXBkYXRlIjoxODAwMDAwMDAwMDAwfX0=",
          "dependencies": [
            "azurerm_resource_group.spoke2-vnet-rg",
            "azurerm_virtual_network.spoke2-vnet"
          ]
        }
      ]
    },
    {
      "mode": "managed",
      "type": "azurerm_subnet_network_security_group_association",
      "name": "mgmt-nsg-association",
      "provider": "provider[\"registry.terraform.io/hashicorp/azurerm\"]",
      "instances": [
        {
          "schema_version": 0,
          "attributes": {
            "id": "/subscriptions/ee25274b-b6bd-47dd-a218-100564cb67dc/resourceGroups/onprem-vnet-rg/providers/Microsoft.Network/virtualNetworks/onprem-vnet/subnets/mgmt",
            "network_security_group_id": "/subscriptions/ee25274b-b6bd-47dd-a218-100564cb67dc/resourceGroups/onprem-vnet-rg/providers/Microsoft.Network/networkSecurityGroups/onprem-nsg",
            "subnet_id": "/subscriptions/ee25274b-b6bd-47dd-a218-100564cb67dc/resourceGroups/onprem-vnet-rg/providers/Microsoft.Network/virtualNetworks/onprem-vnet/subnets/mgmt",
            "timeouts": null
          },
          "sensitive_attributes": [],
          "private": "eyJlMmJmYjczMC1lY2FhLTExZTYtOGY4OC0zNDM2M2JjN2M0YzAiOnsiY3JlYXRlIjoxODAwMDAwMDAwMDAwLCJkZWxldGUiOjE4MDAwMDAwMDAwMDAsInJlYWQiOjMwMDAwMDAwMDAwMCwidXBkYXRlIjoxODAwMDAwMDAwMDAwfX0=",
          "dependencies": [
            "azurerm_network_security_group.onprem-nsg",
            "azurerm_subnet.onprem-mgmt"
          ]
        }
      ]
    },
    {
      "mode": "managed",
      "type": "azurerm_subnet_route_table_association",
      "name": "hub-gateway-rt-hub-vnet-gateway-subnet",
      "provider": "provider[\"registry.terraform.io/hashicorp/azurerm\"]",
      "instances": [
        {
          "schema_version": 0,
          "attributes": {
            "id": "/subscriptions/ee25274b-b6bd-47dd-a218-100564cb67dc/resourceGroups/hub-vnet-rg/providers/Microsoft.Network/virtualNetworks/hub-vnet/subnets/GatewaySubnet",
            "route_table_id": "/subscriptions/ee25274b-b6bd-47dd-a218-100564cb67dc/resourceGroups/hub-nva-rg/providers/Microsoft.Network/routeTables/hub-gateway-rt",
            "subnet_id": "/subscriptions/ee25274b-b6bd-47dd-a218-100564cb67dc/resourceGroups/hub-vnet-rg/providers/Microsoft.Network/virtualNetworks/hub-vnet/subnets/GatewaySubnet",
            "timeouts": null
          },
          "sensitive_attributes": [],
          "private": "eyJlMmJmYjczMC1lY2FhLTExZTYtOGY4OC0zNDM2M2JjN2M0YzAiOnsiY3JlYXRlIjoxODAwMDAwMDAwMDAwLCJkZWxldGUiOjE4MDAwMDAwMDAwMDAsInJlYWQiOjMwMDAwMDAwMDAwMCwidXBkYXRlIjoxODAwMDAwMDAwMDAwfX0=",
          "dependencies": [
            "azurerm_route_table.hub-gateway-rt",
            "azurerm_subnet.hub-gateway-subnet"
          ]
        }
      ]
    },
    {
      "mode": "managed",
      "type": "azurerm_subnet_route_table_association",
      "name": "spoke1-rt-spoke1-vnet-mgmt",
      "provider": "provider[\"registry.terraform.io/hashicorp/azurerm\"]",
      "instances": [
        {
          "schema_version": 0,
          "attributes": {
            "id": "/subscriptions/ee25274b-b6bd-47dd-a218-100564cb67dc/resourceGroups/spoke1-vnet-rg/providers/Microsoft.Network/virtualNetworks/spoke1-vnet/subnets/mgmt",
            "route_table_id": "/subscriptions/ee25274b-b6bd-47dd-a218-100564cb67dc/resourceGroups/hub-nva-rg/providers/Microsoft.Network/routeTables/spoke1-rt",
            "subnet_id": "/subscriptions/ee25274b-b6bd-47dd-a218-100564cb67dc/resourceGroups/spoke1-vnet-rg/providers/Microsoft.Network/virtualNetworks/spoke1-vnet/subnets/mgmt",
            "timeouts": null
          },
          "sensitive_attributes": [],
          "private": "eyJlMmJmYjczMC1lY2FhLTExZTYtOGY4OC0zNDM2M2JjN2M0YzAiOnsiY3JlYXRlIjoxODAwMDAwMDAwMDAwLCJkZWxldGUiOjE4MDAwMDAwMDAwMDAsInJlYWQiOjMwMDAwMDAwMDAwMCwidXBkYXRlIjoxODAwMDAwMDAwMDAwfX0=",
          "dependencies": [
            "azurerm_resource_group.hub-nva-rg",
            "azurerm_resource_group.spoke1-vnet-rg",
            "azurerm_route_table.spoke1-rt",
            "azurerm_subnet.spoke1-mgmt",
            "azurerm_virtual_network.spoke1-vnet"
          ]
        }
      ]
    },
    {
      "mode": "managed",
      "type": "azurerm_subnet_route_table_association",
      "name": "spoke1-rt-spoke1-vnet-workload",
      "provider": "provider[\"registry.terraform.io/hashicorp/azurerm\"]",
      "instances": [
        {
          "schema_version": 0,
          "attributes": {
            "id": "/subscriptions/ee25274b-b6bd-47dd-a218-100564cb67dc/resourceGroups/spoke1-vnet-rg/providers/Microsoft.Network/virtualNetworks/spoke1-vnet/subnets/workload",
            "route_table_id": "/subscriptions/ee25274b-b6bd-47dd-a218-100564cb67dc/resourceGroups/hub-nva-rg/providers/Microsoft.Network/routeTables/spoke1-rt",
            "subnet_id": "/subscriptions/ee25274b-b6bd-47dd-a218-100564cb67dc/resourceGroups/spoke1-vnet-rg/providers/Microsoft.Network/virtualNetworks/spoke1-vnet/subnets/workload",
            "timeouts": null
          },
          "sensitive_attributes": [],
          "private": "eyJlMmJmYjczMC1lY2FhLTExZTYtOGY4OC0zNDM2M2JjN2M0YzAiOnsiY3JlYXRlIjoxODAwMDAwMDAwMDAwLCJkZWxldGUiOjE4MDAwMDAwMDAwMDAsInJlYWQiOjMwMDAwMDAwMDAwMCwidXBkYXRlIjoxODAwMDAwMDAwMDAwfX0=",
          "dependencies": [
            "azurerm_route_table.spoke1-rt",
            "azurerm_subnet.spoke1-workload"
          ]
        }
      ]
    },
    {
      "mode": "managed",
      "type": "azurerm_subnet_route_table_association",
      "name": "spoke2-rt-spoke2-vnet-mgmt",
      "provider": "provider[\"registry.terraform.io/hashicorp/azurerm\"]",
      "instances": [
        {
          "schema_version": 0,
          "attributes": {
            "id": "/subscriptions/ee25274b-b6bd-47dd-a218-100564cb67dc/resourceGroups/spoke2-vnet-rg/providers/Microsoft.Network/virtualNetworks/spoke2-vnet/subnets/mgmt",
            "route_table_id": "/subscriptions/ee25274b-b6bd-47dd-a218-100564cb67dc/resourceGroups/hub-nva-rg/providers/Microsoft.Network/routeTables/spoke2-rt",
            "subnet_id": "/subscriptions/ee25274b-b6bd-47dd-a218-100564cb67dc/resourceGroups/spoke2-vnet-rg/providers/Microsoft.Network/virtualNetworks/spoke2-vnet/subnets/mgmt",
            "timeouts": null
          },
          "sensitive_attributes": [],
          "private": "eyJlMmJmYjczMC1lY2FhLTExZTYtOGY4OC0zNDM2M2JjN2M0YzAiOnsiY3JlYXRlIjoxODAwMDAwMDAwMDAwLCJkZWxldGUiOjE4MDAwMDAwMDAwMDAsInJlYWQiOjMwMDAwMDAwMDAwMCwidXBkYXRlIjoxODAwMDAwMDAwMDAwfX0=",
          "dependencies": [
            "azurerm_resource_group.hub-nva-rg",
            "azurerm_resource_group.spoke2-vnet-rg",
            "azurerm_route_table.spoke2-rt",
            "azurerm_subnet.spoke2-mgmt",
            "azurerm_virtual_network.spoke2-vnet"
          ]
        }
      ]
    },
    {
      "mode": "managed",
      "type": "azurerm_subnet_route_table_association",
      "name": "spoke2-rt-spoke2-vnet-workload",
      "provider": "provider[\"registry.terraform.io/hashicorp/azurerm\"]",
      "instances": [
        {
          "schema_version": 0,
          "attributes": {
            "id": "/subscriptions/ee25274b-b6bd-47dd-a218-100564cb67dc/resourceGroups/spoke2-vnet-rg/providers/Microsoft.Network/virtualNetworks/spoke2-vnet/subnets/workload",
            "route_table_id": "/subscriptions/ee25274b-b6bd-47dd-a218-100564cb67dc/resourceGroups/hub-nva-rg/providers/Microsoft.Network/routeTables/spoke2-rt",
            "subnet_id": "/subscriptions/ee25274b-b6bd-47dd-a218-100564cb67dc/resourceGroups/spoke2-vnet-rg/providers/Microsoft.Network/virtualNetworks/spoke2-vnet/subnets/workload",
            "timeouts": null
          },
          "sensitive_attributes": [],
          "private": "eyJlMmJmYjczMC1lY2FhLTExZTYtOGY4OC0zNDM2M2JjN2M0YzAiOnsiY3JlYXRlIjoxODAwMDAwMDAwMDAwLCJkZWxldGUiOjE4MDAwMDAwMDAwMDAsInJlYWQiOjMwMDAwMDAwMDAwMCwidXBkYXRlIjoxODAwMDAwMDAwMDAwfX0=",
          "dependencies": [
            "azurerm_resource_group.hub-nva-rg",
            "azurerm_resource_group.spoke2-vnet-rg",
            "azurerm_route_table.spoke2-rt",
            "azurerm_subnet.spoke2-workload",
            "azurerm_virtual_network.spoke2-vnet"
          ]
        }
      ]
    },
    {
      "mode": "managed",
      "type": "azurerm_virtual_machine",
      "name": "hub-nva-vm",
      "provider": "provider[\"registry.terraform.io/hashicorp/azurerm\"]",
      "instances": [
        {
          "schema_version": 0,
          "attributes": {
            "additional_capabilities": [],
            "availability_set_id": null,
            "boot_diagnostics": [],
            "delete_data_disks_on_termination": false,
            "delete_os_disk_on_termination": false,
            "id": "/subscriptions/ee25274b-b6bd-47dd-a218-100564cb67dc/resourceGroups/hub-nva-rg/providers/Microsoft.Compute/virtualMachines/hub-nva-vm",
            "identity": [],
            "license_type": null,
            "location": "eastus",
            "name": "hub-nva-vm",
            "network_interface_ids": [
              "/subscriptions/ee25274b-b6bd-47dd-a218-100564cb67dc/resourceGroups/hub-nva-rg/providers/Microsoft.Network/networkInterfaces/hub-nva-nic"
            ],
            "os_profile": [
              {
                "admin_password": "",
                "admin_username": "azureuser",
                "computer_name": "hub-nva-vm",
                "custom_data": ""
              }
            ],
            "os_profile_linux_config": [
              {
                "disable_password_authentication": false,
                "ssh_keys": []
              }
            ],
            "os_profile_secrets": [],
            "os_profile_windows_config": [],
            "plan": [],
            "primary_network_interface_id": null,
            "proximity_placement_group_id": null,
            "resource_group_name": "hub-nva-rg",
            "storage_data_disk": [],
            "storage_image_reference": [
              {
                "id": "",
                "offer": "UbuntuServer",
                "publisher": "Canonical",
                "sku": "16.04-LTS",
                "version": "latest"
              }
            ],
            "storage_os_disk": [
              {
                "caching": "ReadWrite",
                "create_option": "FromImage",
                "disk_size_gb": 30,
                "image_uri": "",
                "managed_disk_id": "/subscriptions/ee25274b-b6bd-47dd-a218-100564cb67dc/resourceGroups/hub-nva-rg/providers/Microsoft.Compute/disks/myosdisk1",
                "managed_disk_type": "Standard_LRS",
                "name": "myosdisk1",
                "os_type": "Linux",
                "vhd_uri": "",
                "write_accelerator_enabled": false
              }
            ],
            "tags": {
              "environment": "hub-nva"
            },
            "timeouts": null,
            "vm_size": "Standard_DS1_v2",
            "zones": null
          },
          "sensitive_attributes": [],
          "private": "eyJlMmJmYjczMC1lY2FhLTExZTYtOGY4OC0zNDM2M2JjN2M0YzAiOnsiY3JlYXRlIjozNjAwMDAwMDAwMDAwLCJkZWxldGUiOjM2MDAwMDAwMDAwMDAsInJlYWQiOjMwMDAwMDAwMDAwMCwidXBkYXRlIjozNjAwMDAwMDAwMDAwfX0=",
          "dependencies": [
            "azurerm_network_interface.hub-nva-nic",
            "azurerm_resource_group.hub-nva-rg",
            "azurerm_resource_group.hub-vnet-rg",
            "azurerm_subnet.hub-dmz",
            "azurerm_virtual_network.hub-vnet"
          ]
        }
      ]
    },
    {
      "mode": "managed",
      "type": "azurerm_virtual_machine",
      "name": "hub-vm",
      "provider": "provider[\"registry.terraform.io/hashicorp/azurerm\"]",
      "instances": [
        {
          "schema_version": 0,
          "attributes": {
            "additional_capabilities": [],
            "availability_set_id": null,
            "boot_diagnostics": [],
            "delete_data_disks_on_termination": false,
            "delete_os_disk_on_termination": false,
            "id": "/subscriptions/ee25274b-b6bd-47dd-a218-100564cb67dc/resourceGroups/hub-vnet-rg/providers/Microsoft.Compute/virtualMachines/hub-vm",
            "identity": [],
            "license_type": null,
            "location": "eastus",
            "name": "hub-vm",
            "network_interface_ids": [
              "/subscriptions/ee25274b-b6bd-47dd-a218-100564cb67dc/resourceGroups/hub-vnet-rg/providers/Microsoft.Network/networkInterfaces/hub-nic"
            ],
            "os_profile": [
              {
                "admin_password": "",
                "admin_username": "azureuser",
                "computer_name": "hub-vm",
                "custom_data": ""
              }
            ],
            "os_profile_linux_config": [
              {
                "disable_password_authentication": false,
                "ssh_keys": []
              }
            ],
            "os_profile_secrets": [],
            "os_profile_windows_config": [],
            "plan": [],
            "primary_network_interface_id": null,
            "proximity_placement_group_id": null,
            "resource_group_name": "hub-vnet-rg",
            "storage_data_disk": [],
            "storage_image_reference": [
              {
                "id": "",
                "offer": "UbuntuServer",
                "publisher": "Canonical",
                "sku": "16.04-LTS",
                "version": "latest"
              }
            ],
            "storage_os_disk": [
              {
                "caching": "ReadWrite",
                "create_option": "FromImage",
                "disk_size_gb": 30,
                "image_uri": "",
                "managed_disk_id": "/subscriptions/ee25274b-b6bd-47dd-a218-100564cb67dc/resourceGroups/hub-vnet-rg/providers/Microsoft.Compute/disks/myosdisk1",
                "managed_disk_type": "Standard_LRS",
                "name": "myosdisk1",
                "os_type": "Linux",
                "vhd_uri": "",
                "write_accelerator_enabled": false
              }
            ],
            "tags": {
              "environment": "hub"
            },
            "timeouts": null,
            "vm_size": "Standard_DS1_v2",
            "zones": null
          },
          "sensitive_attributes": [],
          "private": "eyJlMmJmYjczMC1lY2FhLTExZTYtOGY4OC0zNDM2M2JjN2M0YzAiOnsiY3JlYXRlIjozNjAwMDAwMDAwMDAwLCJkZWxldGUiOjM2MDAwMDAwMDAwMDAsInJlYWQiOjMwMDAwMDAwMDAwMCwidXBkYXRlIjozNjAwMDAwMDAwMDAwfX0=",
          "dependencies": [
            "azurerm_network_interface.hub-nic",
            "azurerm_resource_group.hub-vnet-rg",
            "azurerm_subnet.hub-mgmt"
          ]
        }
      ]
    },
    {
      "mode": "managed",
      "type": "azurerm_virtual_machine",
      "name": "onprem-vm",
      "provider": "provider[\"registry.terraform.io/hashicorp/azurerm\"]",
      "instances": [
        {
          "schema_version": 0,
          "attributes": {
            "additional_capabilities": [],
            "availability_set_id": null,
            "boot_diagnostics": [],
            "delete_data_disks_on_termination": false,
            "delete_os_disk_on_termination": false,
            "id": "/subscriptions/ee25274b-b6bd-47dd-a218-100564cb67dc/resourceGroups/onprem-vnet-rg/providers/Microsoft.Compute/virtualMachines/onprem-vm",
            "identity": [],
            "license_type": null,
            "location": "eastus",
            "name": "onprem-vm",
            "network_interface_ids": [
              "/subscriptions/ee25274b-b6bd-47dd-a218-100564cb67dc/resourceGroups/onprem-vnet-rg/providers/Microsoft.Network/networkInterfaces/onprem-nic"
            ],
            "os_profile": [
              {
                "admin_password": "",
                "admin_username": "azureuser",
                "computer_name": "onprem-vm",
                "custom_data": ""
              }
            ],
            "os_profile_linux_config": [
              {
                "disable_password_authentication": false,
                "ssh_keys": []
              }
            ],
            "os_profile_secrets": [],
            "os_profile_windows_config": [],
            "plan": [],
            "primary_network_interface_id": null,
            "proximity_placement_group_id": null,
            "resource_group_name": "onprem-vnet-rg",
            "storage_data_disk": [],
            "storage_image_reference": [
              {
                "id": "",
                "offer": "UbuntuServer",
                "publisher": "Canonical",
                "sku": "16.04-LTS",
                "version": "latest"
              }
            ],
            "storage_os_disk": [
              {
                "caching": "ReadWrite",
                "create_option": "FromImage",
                "disk_size_gb": 30,
                "image_uri": "",
                "managed_disk_id": "/subscriptions/ee25274b-b6bd-47dd-a218-100564cb67dc/resourceGroups/onprem-vnet-rg/providers/Microsoft.Compute/disks/myosdisk1",
                "managed_disk_type": "Standard_LRS",
                "name": "myosdisk1",
                "os_type": "Linux",
                "vhd_uri": "",
                "write_accelerator_enabled": false
              }
            ],
            "tags": {
              "environment": "onprem"
            },
            "timeouts": null,
            "vm_size": "Standard_DS1_v2",
            "zones": null
          },
          "sensitive_attributes": [],
          "private": "eyJlMmJmYjczMC1lY2FhLTExZTYtOGY4OC0zNDM2M2JjN2M0YzAiOnsiY3JlYXRlIjozNjAwMDAwMDAwMDAwLCJkZWxldGUiOjM2MDAwMDAwMDAwMDAsInJlYWQiOjMwMDAwMDAwMDAwMCwidXBkYXRlIjozNjAwMDAwMDAwMDAwfX0=",
          "dependencies": [
            "azurerm_network_interface.onprem-nic",
            "azurerm_public_ip.onprem-pip",
            "azurerm_resource_group.onprem-vnet-rg",
            "azurerm_subnet.onprem-mgmt"
          ]
        }
      ]
    },
    {
      "mode": "managed",
      "type": "azurerm_virtual_machine",
      "name": "spoke1-vm",
      "provider": "provider[\"registry.terraform.io/hashicorp/azurerm\"]",
      "instances": [
        {
          "schema_version": 0,
          "attributes": {
            "additional_capabilities": [],
            "availability_set_id": null,
            "boot_diagnostics": [],
            "delete_data_disks_on_termination": false,
            "delete_os_disk_on_termination": false,
            "id": "/subscriptions/ee25274b-b6bd-47dd-a218-100564cb67dc/resourceGroups/spoke1-vnet-rg/providers/Microsoft.Compute/virtualMachines/spoke1-vm",
            "identity": [],
            "license_type": null,
            "location": "eastus",
            "name": "spoke1-vm",
            "network_interface_ids": [
              "/subscriptions/ee25274b-b6bd-47dd-a218-100564cb67dc/resourceGroups/spoke1-vnet-rg/providers/Microsoft.Network/networkInterfaces/spoke1-nic"
            ],
            "os_profile": [
              {
                "admin_password": "",
                "admin_username": "azureuser",
                "computer_name": "spoke1-vm",
                "custom_data": ""
              }
            ],
            "os_profile_linux_config": [
              {
                "disable_password_authentication": false,
                "ssh_keys": []
              }
            ],
            "os_profile_secrets": [],
            "os_profile_windows_config": [],
            "plan": [],
            "primary_network_interface_id": null,
            "proximity_placement_group_id": null,
            "resource_group_name": "spoke1-vnet-rg",
            "storage_data_disk": [],
            "storage_image_reference": [
              {
                "id": "",
                "offer": "UbuntuServer",
                "publisher": "Canonical",
                "sku": "16.04-LTS",
                "version": "latest"
              }
            ],
            "storage_os_disk": [
              {
                "caching": "ReadWrite",
                "create_option": "FromImage",
                "disk_size_gb": 30,
                "image_uri": "",
                "managed_disk_id": "/subscriptions/ee25274b-b6bd-47dd-a218-100564cb67dc/resourceGroups/spoke1-vnet-rg/providers/Microsoft.Compute/disks/myosdisk1",
                "managed_disk_type": "Standard_LRS",
                "name": "myosdisk1",
                "os_type": "Linux",
                "vhd_uri": "",
                "write_accelerator_enabled": false
              }
            ],
            "tags": {
              "environment": "spoke1"
            },
            "timeouts": null,
            "vm_size": "Standard_DS1_v2",
            "zones": null
          },
          "sensitive_attributes": [],
          "private": "eyJlMmJmYjczMC1lY2FhLTExZTYtOGY4OC0zNDM2M2JjN2M0YzAiOnsiY3JlYXRlIjozNjAwMDAwMDAwMDAwLCJkZWxldGUiOjM2MDAwMDAwMDAwMDAsInJlYWQiOjMwMDAwMDAwMDAwMCwidXBkYXRlIjozNjAwMDAwMDAwMDAwfX0=",
          "dependencies": [
            "azurerm_network_interface.spoke1-nic",
            "azurerm_resource_group.spoke1-vnet-rg",
            "azurerm_subnet.spoke1-mgmt"
          ]
        }
      ]
    },
    {
      "mode": "managed",
      "type": "azurerm_virtual_machine",
      "name": "spoke2-vm",
      "provider": "provider[\"registry.terraform.io/hashicorp/azurerm\"]",
      "instances": [
        {
          "schema_version": 0,
          "attributes": {
            "additional_capabilities": [],
            "availability_set_id": null,
            "boot_diagnostics": [],
            "delete_data_disks_on_termination": false,
            "delete_os_disk_on_termination": false,
            "id": "/subscriptions/ee25274b-b6bd-47dd-a218-100564cb67dc/resourceGroups/spoke2-vnet-rg/providers/Microsoft.Compute/virtualMachines/spoke2-vm",
            "identity": [],
            "license_type": null,
            "location": "eastus",
            "name": "spoke2-vm",
            "network_interface_ids": [
              "/subscriptions/ee25274b-b6bd-47dd-a218-100564cb67dc/resourceGroups/spoke2-vnet-rg/providers/Microsoft.Network/networkInterfaces/spoke2-nic"
            ],
            "os_profile": [
              {
                "admin_password": "",
                "admin_username": "azureuser",
                "computer_name": "spoke2-vm",
                "custom_data": ""
              }
            ],
            "os_profile_linux_config": [
              {
                "disable_password_authentication": false,
                "ssh_keys": []
              }
            ],
            "os_profile_secrets": [],
            "os_profile_windows_config": [],
            "plan": [],
            "primary_network_interface_id": null,
            "proximity_placement_group_id": null,
            "resource_group_name": "spoke2-vnet-rg",
            "storage_data_disk": [],
            "storage_image_reference": [
              {
                "id": "",
                "offer": "UbuntuServer",
                "publisher": "Canonical",
                "sku": "16.04-LTS",
                "version": "latest"
              }
            ],
            "storage_os_disk": [
              {
                "caching": "ReadWrite",
                "create_option": "FromImage",
                "disk_size_gb": 30,
                "image_uri": "",
                "managed_disk_id": "/subscriptions/ee25274b-b6bd-47dd-a218-100564cb67dc/resourceGroups/spoke2-vnet-rg/providers/Microsoft.Compute/disks/myosdisk1",
                "managed_disk_type": "Standard_LRS",
                "name": "myosdisk1",
                "os_type": "Linux",
                "vhd_uri": "",
                "write_accelerator_enabled": false
              }
            ],
            "tags": {
              "environment": "spoke2"
            },
            "timeouts": null,
            "vm_size": "Standard_DS1_v2",
            "zones": []
          },
          "sensitive_attributes": [],
          "private": "eyJlMmJmYjczMC1lY2FhLTExZTYtOGY4OC0zNDM2M2JjN2M0YzAiOnsiY3JlYXRlIjozNjAwMDAwMDAwMDAwLCJkZWxldGUiOjM2MDAwMDAwMDAwMDAsInJlYWQiOjMwMDAwMDAwMDAwMCwidXBkYXRlIjozNjAwMDAwMDAwMDAwfX0=",
          "dependencies": [
            "azurerm_network_interface.spoke2-nic",
            "azurerm_resource_group.spoke2-vnet-rg",
            "azurerm_subnet.spoke2-mgmt",
            "azurerm_virtual_network.spoke2-vnet"
          ]
        }
      ]
    },
    {
      "mode": "managed",
      "type": "azurerm_virtual_machine_extension",
      "name": "enable-routes",
      "provider": "provider[\"registry.terraform.io/hashicorp/azurerm\"]",
      "instances": [
        {
          "schema_version": 0,
          "attributes": {
            "auto_upgrade_minor_version": false,
            "automatic_upgrade_enabled": false,
            "id": "/subscriptions/ee25274b-b6bd-47dd-a218-100564cb67dc/resourceGroups/hub-nva-rg/providers/Microsoft.Compute/virtualMachines/hub-nva-vm/extensions/enable-iptables-routes",
            "name": "enable-iptables-routes",
            "protected_settings": null,
            "publisher": "Microsoft.Azure.Extensions",
            "settings": "{\"commandToExecute\":\"bash enable-ip-forwarding.sh\",\"fileUris\":[\"https://raw.githubusercontent.com/mspnp/reference-architectures/master/scripts/linux/enable-ip-forwarding.sh\"]}",
            "tags": {
              "environment": "hub-nva"
            },
            "timeouts": null,
            "type": "CustomScript",
            "type_handler_version": "2.0",
            "virtual_machine_id": "/subscriptions/ee25274b-b6bd-47dd-a218-100564cb67dc/resourceGroups/hub-nva-rg/providers/Microsoft.Compute/virtualMachines/hub-nva-vm"
          },
          "sensitive_attributes": [],
          "private": "eyJlMmJmYjczMC1lY2FhLTExZTYtOGY4OC0zNDM2M2JjN2M0YzAiOnsiY3JlYXRlIjoxODAwMDAwMDAwMDAwLCJkZWxldGUiOjE4MDAwMDAwMDAwMDAsInJlYWQiOjMwMDAwMDAwMDAwMCwidXBkYXRlIjoxODAwMDAwMDAwMDAwfX0=",
          "dependencies": [
            "azurerm_network_interface.hub-nva-nic",
            "azurerm_resource_group.hub-nva-rg",
            "azurerm_resource_group.hub-vnet-rg",
            "azurerm_subnet.hub-dmz",
            "azurerm_virtual_machine.hub-nva-vm",
            "azurerm_virtual_network.hub-vnet"
          ]
        }
      ]
    },
    {
      "mode": "managed",
      "type": "azurerm_virtual_network",
      "name": "hub-vnet",
      "provider": "provider[\"registry.terraform.io/hashicorp/azurerm\"]",
      "instances": [
        {
          "schema_version": 0,
          "attributes": {
            "address_space": [
              "10.0.0.0/16"
            ],
            "bgp_community": "",
            "ddos_protection_plan": [],
            "dns_servers": [],
            "flow_timeout_in_minutes": 0,
            "guid": "902da008-4aa9-4b8c-8cbf-95c0cb80330d",
            "id": "/subscriptions/ee25274b-b6bd-47dd-a218-100564cb67dc/resourceGroups/hub-vnet-rg/providers/Microsoft.Network/virtualNetworks/hub-vnet",
            "location": "eastus",
            "name": "hub-vnet",
            "resource_group_name": "hub-vnet-rg",
            "subnet": [
              {
                "address_prefix": "10.0.0.64/27",
                "id": "/subscriptions/ee25274b-b6bd-47dd-a218-100564cb67dc/resourceGroups/hub-vnet-rg/providers/Microsoft.Network/virtualNetworks/hub-vnet/subnets/mgmt",
                "name": "mgmt",
                "security_group": ""
              },
              {
                "address_prefix": "10.0.255.224/27",
                "id": "/subscriptions/ee25274b-b6bd-47dd-a218-100564cb67dc/resourceGroups/hub-vnet-rg/providers/Microsoft.Network/virtualNetworks/hub-vnet/subnets/GatewaySubnet",
                "name": "GatewaySubnet",
                "security_group": ""
              }
            ],
            "tags": {
              "environment": "hub-spoke"
            },
            "timeouts": null,
            "vm_protection_enabled": false
          },
          "sensitive_attributes": [],
          "private": "eyJlMmJmYjczMC1lY2FhLTExZTYtOGY4OC0zNDM2M2JjN2M0YzAiOnsiY3JlYXRlIjoxODAwMDAwMDAwMDAwLCJkZWxldGUiOjE4MDAwMDAwMDAwMDAsInJlYWQiOjMwMDAwMDAwMDAwMCwidXBkYXRlIjoxODAwMDAwMDAwMDAwfX0=",
          "dependencies": [
            "azurerm_resource_group.hub-vnet-rg"
          ]
        }
      ]
    },
    {
      "mode": "managed",
      "type": "azurerm_virtual_network",
      "name": "onprem-vnet",
      "provider": "provider[\"registry.terraform.io/hashicorp/azurerm\"]",
      "instances": [
        {
          "schema_version": 0,
          "attributes": {
            "address_space": [
              "192.168.0.0/16"
            ],
            "bgp_community": "",
            "ddos_protection_plan": [],
            "dns_servers": [],
            "flow_timeout_in_minutes": 0,
            "guid": "00f58d9a-3bff-4bc4-be55-264bd5359b9b",
            "id": "/subscriptions/ee25274b-b6bd-47dd-a218-100564cb67dc/resourceGroups/onprem-vnet-rg/providers/Microsoft.Network/virtualNetworks/onprem-vnet",
            "location": "eastus",
            "name": "onprem-vnet",
            "resource_group_name": "onprem-vnet-rg",
            "subnet": [
              {
                "address_prefix": "192.168.1.128/25",
                "id": "/subscriptions/ee25274b-b6bd-47dd-a218-100564cb67dc/resourceGroups/onprem-vnet-rg/providers/Microsoft.Network/virtualNetworks/onprem-vnet/subnets/mgmt",
                "name": "mgmt",
                "security_group": ""
              },
              {
                "address_prefix": "192.168.255.224/27",
                "id": "/subscriptions/ee25274b-b6bd-47dd-a218-100564cb67dc/resourceGroups/onprem-vnet-rg/providers/Microsoft.Network/virtualNetworks/onprem-vnet/subnets/GatewaySubnet",
                "name": "GatewaySubnet",
                "security_group": ""
              }
            ],
            "tags": {
              "environment": "onprem"
            },
            "timeouts": null,
            "vm_protection_enabled": false
          },
          "sensitive_attributes": [],
          "private": "eyJlMmJmYjczMC1lY2FhLTExZTYtOGY4OC0zNDM2M2JjN2M0YzAiOnsiY3JlYXRlIjoxODAwMDAwMDAwMDAwLCJkZWxldGUiOjE4MDAwMDAwMDAwMDAsInJlYWQiOjMwMDAwMDAwMDAwMCwidXBkYXRlIjoxODAwMDAwMDAwMDAwfX0=",
          "dependencies": [
            "azurerm_resource_group.onprem-vnet-rg"
          ]
        }
      ]
    },
    {
      "mode": "managed",
      "type": "azurerm_virtual_network",
      "name": "spoke1-vnet",
      "provider": "provider[\"registry.terraform.io/hashicorp/azurerm\"]",
      "instances": [
        {
          "schema_version": 0,
          "attributes": {
            "address_space": [
              "10.1.0.0/16"
            ],
            "bgp_community": "",
            "ddos_protection_plan": [],
            "dns_servers": [],
            "flow_timeout_in_minutes": 0,
            "guid": "aaa5ec7a-7493-4569-8517-39ff8c7ed180",
            "id": "/subscriptions/ee25274b-b6bd-47dd-a218-100564cb67dc/resourceGroups/spoke1-vnet-rg/providers/Microsoft.Network/virtualNetworks/spoke1-vnet",
            "location": "eastus",
            "name": "spoke1-vnet",
            "resource_group_name": "spoke1-vnet-rg",
            "subnet": [
              {
                "address_prefix": "10.1.0.64/27",
                "id": "/subscriptions/ee25274b-b6bd-47dd-a218-100564cb67dc/resourceGroups/spoke1-vnet-rg/providers/Microsoft.Network/virtualNetworks/spoke1-vnet/subnets/mgmt",
                "name": "mgmt",
                "security_group": ""
              },
              {
                "address_prefix": "10.1.1.0/24",
                "id": "/subscriptions/ee25274b-b6bd-47dd-a218-100564cb67dc/resourceGroups/spoke1-vnet-rg/providers/Microsoft.Network/virtualNetworks/spoke1-vnet/subnets/workload",
                "name": "workload",
                "security_group": ""
              }
            ],
            "tags": {
              "environment": "spoke1"
            },
            "timeouts": null,
            "vm_protection_enabled": false
          },
          "sensitive_attributes": [],
          "private": "eyJlMmJmYjczMC1lY2FhLTExZTYtOGY4OC0zNDM2M2JjN2M0YzAiOnsiY3JlYXRlIjoxODAwMDAwMDAwMDAwLCJkZWxldGUiOjE4MDAwMDAwMDAwMDAsInJlYWQiOjMwMDAwMDAwMDAwMCwidXBkYXRlIjoxODAwMDAwMDAwMDAwfX0=",
          "dependencies": [
            "azurerm_resource_group.spoke1-vnet-rg"
          ]
        }
      ]
    },
    {
      "mode": "managed",
      "type": "azurerm_virtual_network",
      "name": "spoke2-vnet",
      "provider": "provider[\"registry.terraform.io/hashicorp/azurerm\"]",
      "instances": [
        {
          "schema_version": 0,
          "attributes": {
            "address_space": [
              "10.2.0.0/16"
            ],
            "bgp_community": "",
            "ddos_protection_plan": [],
            "dns_servers": [],
            "flow_timeout_in_minutes": 0,
            "guid": "1fec3675-a6f1-44f9-bb1d-5dadede9bde0",
            "id": "/subscriptions/ee25274b-b6bd-47dd-a218-100564cb67dc/resourceGroups/spoke2-vnet-rg/providers/Microsoft.Network/virtualNetworks/spoke2-vnet",
            "location": "eastus",
            "name": "spoke2-vnet",
            "resource_group_name": "spoke2-vnet-rg",
            "subnet": [
              {
                "address_prefix": "10.2.0.64/27",
                "id": "/subscriptions/ee25274b-b6bd-47dd-a218-100564cb67dc/resourceGroups/spoke2-vnet-rg/providers/Microsoft.Network/virtualNetworks/spoke2-vnet/subnets/mgmt",
                "name": "mgmt",
                "security_group": ""
              },
              {
                "address_prefix": "10.2.1.0/24",
                "id": "/subscriptions/ee25274b-b6bd-47dd-a218-100564cb67dc/resourceGroups/spoke2-vnet-rg/providers/Microsoft.Network/virtualNetworks/spoke2-vnet/subnets/workload",
                "name": "workload",
                "security_group": ""
              }
            ],
            "tags": {
              "environment": "spoke2"
            },
            "timeouts": null,
            "vm_protection_enabled": false
          },
          "sensitive_attributes": [],
          "private": "eyJlMmJmYjczMC1lY2FhLTExZTYtOGY4OC0zNDM2M2JjN2M0YzAiOnsiY3JlYXRlIjoxODAwMDAwMDAwMDAwLCJkZWxldGUiOjE4MDAwMDAwMDAwMDAsInJlYWQiOjMwMDAwMDAwMDAwMCwidXBkYXRlIjoxODAwMDAwMDAwMDAwfX0=",
          "dependencies": [
            "azurerm_resource_group.spoke2-vnet-rg"
          ]
        }
      ]
    },
    {
      "mode": "managed",
      "type": "azurerm_virtual_network_gateway",
      "name": "hub-vnet-gateway",
      "provider": "provider[\"registry.terraform.io/hashicorp/azurerm\"]",
      "instances": [
        {
          "schema_version": 0,
          "attributes": {
            "active_active": false,
            "bgp_settings": [
              {
                "asn": 65515,
                "peer_weight": 0,
                "peering_address": "10.0.255.254",
                "peering_addresses": [
                  {
                    "apipa_addresses": [],
                    "default_addresses": [
                      "10.0.255.254"
                    ],
                    "ip_configuration_name": "vnetGatewayConfig",
                    "tunnel_ip_addresses": [
                      "20.231.212.157"
                    ]
                  }
                ]
              }
            ],
            "custom_route": [],
            "default_local_network_gateway_id": null,
            "enable_bgp": false,
            "generation": "Generation1",
            "id": "/subscriptions/ee25274b-b6bd-47dd-a218-100564cb67dc/resourceGroups/hub-vnet-rg/providers/Microsoft.Network/virtualNetworkGateways/hub-vpn-gateway1",
            "ip_configuration": [
              {
                "name": "vnetGatewayConfig",
                "private_ip_address_allocation": "Dynamic",
                "public_ip_address_id": "/subscriptions/ee25274b-b6bd-47dd-a218-100564cb67dc/resourceGroups/hub-vnet-rg/providers/Microsoft.Network/publicIPAddresses/hub-vpn-gateway1-pip",
                "subnet_id": "/subscriptions/ee25274b-b6bd-47dd-a218-100564cb67dc/resourceGroups/hub-vnet-rg/providers/Microsoft.Network/virtualNetworks/hub-vnet/subnets/GatewaySubnet"
              }
            ],
            "location": "eastus",
            "name": "hub-vpn-gateway1",
            "private_ip_address_enabled": false,
            "resource_group_name": "hub-vnet-rg",
            "sku": "VpnGw1",
            "tags": {},
            "timeouts": null,
            "type": "Vpn",
            "vpn_client_configuration": [],
            "vpn_type": "RouteBased"
          },
          "sensitive_attributes": [],
          "private": "eyJlMmJmYjczMC1lY2FhLTExZTYtOGY4OC0zNDM2M2JjN2M0YzAiOnsiY3JlYXRlIjozNjAwMDAwMDAwMDAwLCJkZWxldGUiOjM2MDAwMDAwMDAwMDAsInJlYWQiOjMwMDAwMDAwMDAwMCwidXBkYXRlIjozNjAwMDAwMDAwMDAwfX0=",
          "dependencies": [
            "azurerm_public_ip.hub-vpn-gateway1-pip",
            "azurerm_resource_group.hub-vnet-rg",
            "azurerm_subnet.hub-gateway-subnet",
            "azurerm_virtual_network.hub-vnet"
          ]
        }
      ]
    },
    {
      "mode": "managed",
      "type": "azurerm_virtual_network_gateway",
      "name": "onprem-vpn-gateway",
      "provider": "provider[\"registry.terraform.io/hashicorp/azurerm\"]",
      "instances": [
        {
          "schema_version": 0,
          "attributes": {
            "active_active": false,
            "bgp_settings": [
              {
                "asn": 65515,
                "peer_weight": 0,
                "peering_address": "192.168.255.254",
                "peering_addresses": [
                  {
                    "apipa_addresses": [],
                    "default_addresses": [
                      "192.168.255.254"
                    ],
                    "ip_configuration_name": "vnetGatewayConfig",
                    "tunnel_ip_addresses": [
                      "20.231.214.111"
                    ]
                  }
                ]
              }
            ],
            "custom_route": [],
            "default_local_network_gateway_id": null,
            "enable_bgp": false,
            "generation": "Generation1",
            "id": "/subscriptions/ee25274b-b6bd-47dd-a218-100564cb67dc/resourceGroups/onprem-vnet-rg/providers/Microsoft.Network/virtualNetworkGateways/onprem-vpn-gateway1",
            "ip_configuration": [
              {
                "name": "vnetGatewayConfig",
                "private_ip_address_allocation": "Dynamic",
                "public_ip_address_id": "/subscriptions/ee25274b-b6bd-47dd-a218-100564cb67dc/resourceGroups/onprem-vnet-rg/providers/Microsoft.Network/publicIPAddresses/onprem-vpn-gateway1-pip",
                "subnet_id": "/subscriptions/ee25274b-b6bd-47dd-a218-100564cb67dc/resourceGroups/onprem-vnet-rg/providers/Microsoft.Network/virtualNetworks/onprem-vnet/subnets/GatewaySubnet"
              }
            ],
            "location": "eastus",
            "name": "onprem-vpn-gateway1",
            "private_ip_address_enabled": false,
            "resource_group_name": "onprem-vnet-rg",
            "sku": "VpnGw1",
            "tags": {},
            "timeouts": null,
            "type": "Vpn",
            "vpn_client_configuration": [],
            "vpn_type": "RouteBased"
          },
          "sensitive_attributes": [],
          "private": "eyJlMmJmYjczMC1lY2FhLTExZTYtOGY4OC0zNDM2M2JjN2M0YzAiOnsiY3JlYXRlIjozNjAwMDAwMDAwMDAwLCJkZWxldGUiOjM2MDAwMDAwMDAwMDAsInJlYWQiOjMwMDAwMDAwMDAwMCwidXBkYXRlIjozNjAwMDAwMDAwMDAwfX0=",
          "dependencies": [
            "azurerm_public_ip.onprem-vpn-gateway1-pip",
            "azurerm_resource_group.onprem-vnet-rg",
            "azurerm_subnet.onprem-gateway-subnet",
            "azurerm_virtual_network.onprem-vnet"
          ]
        }
      ]
    },
    {
      "mode": "managed",
      "type": "azurerm_virtual_network_gateway_connection",
      "name": "hub-onprem-conn",
      "provider": "provider[\"registry.terraform.io/hashicorp/azurerm\"]",
      "instances": [
        {
          "schema_version": 0,
          "attributes": {
            "authorization_key": null,
            "connection_mode": "Default",
            "connection_protocol": "IKEv2",
            "dpd_timeout_seconds": 0,
            "enable_bgp": false,
            "express_route_circuit_id": null,
            "express_route_gateway_bypass": false,
            "id": "/subscriptions/ee25274b-b6bd-47dd-a218-100564cb67dc/resourceGroups/hub-vnet-rg/providers/Microsoft.Network/connections/hub-onprem-conn",
            "ipsec_policy": [],
            "local_azure_ip_address_enabled": false,
            "local_network_gateway_id": null,
            "location": "eastus",
            "name": "hub-onprem-conn",
            "peer_virtual_network_gateway_id": "/subscriptions/ee25274b-b6bd-47dd-a218-100564cb67dc/resourceGroups/onprem-vnet-rg/providers/Microsoft.Network/virtualNetworkGateways/onprem-vpn-gateway1",
            "resource_group_name": "hub-vnet-rg",
            "routing_weight": 1,
            "shared_key": "4-v3ry-53cr37-1p53c-5h4r3d-k3y",
            "tags": {},
            "timeouts": null,
            "traffic_selector_policy": [],
            "type": "Vnet2Vnet",
            "use_policy_based_traffic_selectors": false,
            "virtual_network_gateway_id": "/subscriptions/ee25274b-b6bd-47dd-a218-100564cb67dc/resourceGroups/hub-vnet-rg/providers/Microsoft.Network/virtualNetworkGateways/hub-vpn-gateway1"
          },
          "sensitive_attributes": [],
          "private": "eyJlMmJmYjczMC1lY2FhLTExZTYtOGY4OC0zNDM2M2JjN2M0YzAiOnsiY3JlYXRlIjoxODAwMDAwMDAwMDAwLCJkZWxldGUiOjE4MDAwMDAwMDAwMDAsInJlYWQiOjMwMDAwMDAwMDAwMCwidXBkYXRlIjoxODAwMDAwMDAwMDAwfX0=",
          "dependencies": [
            "azurerm_public_ip.hub-vpn-gateway1-pip",
            "azurerm_public_ip.onprem-vpn-gateway1-pip",
            "azurerm_resource_group.hub-vnet-rg",
            "azurerm_resource_group.onprem-vnet-rg",
            "azurerm_subnet.hub-gateway-subnet",
            "azurerm_subnet.onprem-gateway-subnet",
            "azurerm_virtual_network.hub-vnet",
            "azurerm_virtual_network.onprem-vnet",
            "azurerm_virtual_network_gateway.hub-vnet-gateway",
            "azurerm_virtual_network_gateway.onprem-vpn-gateway"
          ]
        }
      ]
    },
    {
      "mode": "managed",
      "type": "azurerm_virtual_network_gateway_connection",
      "name": "onprem-hub-conn",
      "provider": "provider[\"registry.terraform.io/hashicorp/azurerm\"]",
      "instances": [
        {
          "schema_version": 0,
          "attributes": {
            "authorization_key": null,
            "connection_mode": "Default",
            "connection_protocol": "IKEv2",
            "dpd_timeout_seconds": 0,
            "enable_bgp": false,
            "express_route_circuit_id": null,
            "express_route_gateway_bypass": false,
            "id": "/subscriptions/ee25274b-b6bd-47dd-a218-100564cb67dc/resourceGroups/onprem-vnet-rg/providers/Microsoft.Network/connections/onprem-hub-conn",
            "ipsec_policy": [],
            "local_azure_ip_address_enabled": false,
            "local_network_gateway_id": null,
            "location": "eastus",
            "name": "onprem-hub-conn",
            "peer_virtual_network_gateway_id": "/subscriptions/ee25274b-b6bd-47dd-a218-100564cb67dc/resourceGroups/hub-vnet-rg/providers/Microsoft.Network/virtualNetworkGateways/hub-vpn-gateway1",
            "resource_group_name": "onprem-vnet-rg",
            "routing_weight": 1,
            "shared_key": "4-v3ry-53cr37-1p53c-5h4r3d-k3y",
            "tags": {},
            "timeouts": null,
            "traffic_selector_policy": [],
            "type": "Vnet2Vnet",
            "use_policy_based_traffic_selectors": false,
            "virtual_network_gateway_id": "/subscriptions/ee25274b-b6bd-47dd-a218-100564cb67dc/resourceGroups/onprem-vnet-rg/providers/Microsoft.Network/virtualNetworkGateways/onprem-vpn-gateway1"
          },
          "sensitive_attributes": [],
          "private": "eyJlMmJmYjczMC1lY2FhLTExZTYtOGY4OC0zNDM2M2JjN2M0YzAiOnsiY3JlYXRlIjoxODAwMDAwMDAwMDAwLCJkZWxldGUiOjE4MDAwMDAwMDAwMDAsInJlYWQiOjMwMDAwMDAwMDAwMCwidXBkYXRlIjoxODAwMDAwMDAwMDAwfX0=",
          "dependencies": [
            "azurerm_public_ip.hub-vpn-gateway1-pip",
            "azurerm_public_ip.onprem-vpn-gateway1-pip",
            "azurerm_resource_group.hub-vnet-rg",
            "azurerm_resource_group.onprem-vnet-rg",
            "azurerm_subnet.hub-gateway-subnet",
            "azurerm_subnet.onprem-gateway-subnet",
            "azurerm_virtual_network.hub-vnet",
            "azurerm_virtual_network.onprem-vnet",
            "azurerm_virtual_network_gateway.hub-vnet-gateway",
            "azurerm_virtual_network_gateway.onprem-vpn-gateway"
          ]
        }
      ]
    },
    {
      "mode": "managed",
      "type": "azurerm_virtual_network_peering",
      "name": "hub-spoke1-peer",
      "provider": "provider[\"registry.terraform.io/hashicorp/azurerm\"]",
      "instances": [
        {
          "schema_version": 0,
          "attributes": {
            "allow_forwarded_traffic": true,
            "allow_gateway_transit": true,
            "allow_virtual_network_access": true,
            "id": "/subscriptions/ee25274b-b6bd-47dd-a218-100564cb67dc/resourceGroups/hub-vnet-rg/providers/Microsoft.Network/virtualNetworks/hub-vnet/virtualNetworkPeerings/hub-spoke1-peer",
            "name": "hub-spoke1-peer",
            "remote_virtual_network_id": "/subscriptions/ee25274b-b6bd-47dd-a218-100564cb67dc/resourceGroups/spoke1-vnet-rg/providers/Microsoft.Network/virtualNetworks/spoke1-vnet",
            "resource_group_name": "hub-vnet-rg",
            "timeouts": null,
            "use_remote_gateways": false,
            "virtual_network_name": "hub-vnet"
          },
          "sensitive_attributes": [],
          "private": "eyJlMmJmYjczMC1lY2FhLTExZTYtOGY4OC0zNDM2M2JjN2M0YzAiOnsiY3JlYXRlIjoxODAwMDAwMDAwMDAwLCJkZWxldGUiOjE4MDAwMDAwMDAwMDAsInJlYWQiOjMwMDAwMDAwMDAwMCwidXBkYXRlIjoxODAwMDAwMDAwMDAwfX0=",
          "dependencies": [
            "azurerm_public_ip.hub-vpn-gateway1-pip",
            "azurerm_resource_group.hub-vnet-rg",
            "azurerm_resource_group.spoke1-vnet-rg",
            "azurerm_subnet.hub-gateway-subnet",
            "azurerm_virtual_network.hub-vnet",
            "azurerm_virtual_network.spoke1-vnet",
            "azurerm_virtual_network_gateway.hub-vnet-gateway"
          ]
        }
      ]
    },
    {
      "mode": "managed",
      "type": "azurerm_virtual_network_peering",
      "name": "hub-spoke2-peer",
      "provider": "provider[\"registry.terraform.io/hashicorp/azurerm\"]",
      "instances": [
        {
          "schema_version": 0,
          "attributes": {
            "allow_forwarded_traffic": true,
            "allow_gateway_transit": true,
            "allow_virtual_network_access": true,
            "id": "/subscriptions/ee25274b-b6bd-47dd-a218-100564cb67dc/resourceGroups/hub-vnet-rg/providers/Microsoft.Network/virtualNetworks/hub-vnet/virtualNetworkPeerings/hub-spoke2-peer",
            "name": "hub-spoke2-peer",
            "remote_virtual_network_id": "/subscriptions/ee25274b-b6bd-47dd-a218-100564cb67dc/resourceGroups/spoke2-vnet-rg/providers/Microsoft.Network/virtualNetworks/spoke2-vnet",
            "resource_group_name": "hub-vnet-rg",
            "timeouts": null,
            "use_remote_gateways": false,
            "virtual_network_name": "hub-vnet"
          },
          "sensitive_attributes": [],
          "private": "eyJlMmJmYjczMC1lY2FhLTExZTYtOGY4OC0zNDM2M2JjN2M0YzAiOnsiY3JlYXRlIjoxODAwMDAwMDAwMDAwLCJkZWxldGUiOjE4MDAwMDAwMDAwMDAsInJlYWQiOjMwMDAwMDAwMDAwMCwidXBkYXRlIjoxODAwMDAwMDAwMDAwfX0=",
          "dependencies": [
            "azurerm_public_ip.hub-vpn-gateway1-pip",
            "azurerm_resource_group.hub-vnet-rg",
            "azurerm_resource_group.spoke2-vnet-rg",
            "azurerm_subnet.hub-gateway-subnet",
            "azurerm_virtual_network.hub-vnet",
            "azurerm_virtual_network.spoke2-vnet",
            "azurerm_virtual_network_gateway.hub-vnet-gateway"
          ]
        }
      ]
    },
    {
      "mode": "managed",
      "type": "azurerm_virtual_network_peering",
      "name": "spoke1-hub-peer",
      "provider": "provider[\"registry.terraform.io/hashicorp/azurerm\"]",
      "instances": [
        {
          "schema_version": 0,
          "attributes": {
            "allow_forwarded_traffic": true,
            "allow_gateway_transit": false,
            "allow_virtual_network_access": true,
            "id": "/subscriptions/ee25274b-b6bd-47dd-a218-100564cb67dc/resourceGroups/spoke1-vnet-rg/providers/Microsoft.Network/virtualNetworks/spoke1-vnet/virtualNetworkPeerings/spoke1-hub-peer",
            "name": "spoke1-hub-peer",
            "remote_virtual_network_id": "/subscriptions/ee25274b-b6bd-47dd-a218-100564cb67dc/resourceGroups/hub-vnet-rg/providers/Microsoft.Network/virtualNetworks/hub-vnet",
            "resource_group_name": "spoke1-vnet-rg",
            "timeouts": null,
            "use_remote_gateways": true,
            "virtual_network_name": "spoke1-vnet"
          },
          "sensitive_attributes": [],
          "private": "eyJlMmJmYjczMC1lY2FhLTExZTYtOGY4OC0zNDM2M2JjN2M0YzAiOnsiY3JlYXRlIjoxODAwMDAwMDAwMDAwLCJkZWxldGUiOjE4MDAwMDAwMDAwMDAsInJlYWQiOjMwMDAwMDAwMDAwMCwidXBkYXRlIjoxODAwMDAwMDAwMDAwfX0=",
          "dependencies": [
            "azurerm_public_ip.hub-vpn-gateway1-pip",
            "azurerm_resource_group.hub-vnet-rg",
            "azurerm_resource_group.spoke1-vnet-rg",
            "azurerm_subnet.hub-gateway-subnet",
            "azurerm_virtual_network.hub-vnet",
            "azurerm_virtual_network.spoke1-vnet",
            "azurerm_virtual_network_gateway.hub-vnet-gateway"
          ]
        }
      ]
    },
    {
      "mode": "managed",
      "type": "azurerm_virtual_network_peering",
      "name": "spoke2-hub-peer",
      "provider": "provider[\"registry.terraform.io/hashicorp/azurerm\"]",
      "instances": [
        {
          "schema_version": 0,
          "attributes": {
            "allow_forwarded_traffic": true,
            "allow_gateway_transit": false,
            "allow_virtual_network_access": true,
            "id": "/subscriptions/ee25274b-b6bd-47dd-a218-100564cb67dc/resourceGroups/spoke2-vnet-rg/providers/Microsoft.Network/virtualNetworks/spoke2-vnet/virtualNetworkPeerings/spoke2-hub-peer",
            "name": "spoke2-hub-peer",
            "remote_virtual_network_id": "/subscriptions/ee25274b-b6bd-47dd-a218-100564cb67dc/resourceGroups/hub-vnet-rg/providers/Microsoft.Network/virtualNetworks/hub-vnet",
            "resource_group_name": "spoke2-vnet-rg",
            "timeouts": null,
            "use_remote_gateways": true,
            "virtual_network_name": "spoke2-vnet"
          },
          "sensitive_attributes": [],
          "private": "eyJlMmJmYjczMC1lY2FhLTExZTYtOGY4OC0zNDM2M2JjN2M0YzAiOnsiY3JlYXRlIjoxODAwMDAwMDAwMDAwLCJkZWxldGUiOjE4MDAwMDAwMDAwMDAsInJlYWQiOjMwMDAwMDAwMDAwMCwidXBkYXRlIjoxODAwMDAwMDAwMDAwfX0=",
          "dependencies": [
            "azurerm_public_ip.hub-vpn-gateway1-pip",
            "azurerm_resource_group.hub-vnet-rg",
            "azurerm_resource_group.spoke2-vnet-rg",
            "azurerm_subnet.hub-gateway-subnet",
            "azurerm_virtual_network.hub-vnet",
            "azurerm_virtual_network.spoke2-vnet",
            "azurerm_virtual_network_gateway.hub-vnet-gateway"
          ]
        }
      ]
    }
  ]
}
